// !$*UTF8*$!
{
	archiveVersion = 1;
	classes = {
	};
	objectVersion = 46;
	objects = {

/* Begin PBXBuildFile section */
		4C64062B18EAE6DF00755735 /* Foundation.framework in Frameworks */ = {isa = PBXBuildFile; fileRef = 4C64062A18EAE6DF00755735 /* Foundation.framework */; };
		4C64062D18EAE6DF00755735 /* CoreGraphics.framework in Frameworks */ = {isa = PBXBuildFile; fileRef = 4C64062C18EAE6DF00755735 /* CoreGraphics.framework */; };
		4C64062F18EAE6DF00755735 /* UIKit.framework in Frameworks */ = {isa = PBXBuildFile; fileRef = 4C64062E18EAE6DF00755735 /* UIKit.framework */; };
		4C64063518EAE6DF00755735 /* InfoPlist.strings in Resources */ = {isa = PBXBuildFile; fileRef = 4C64063318EAE6DF00755735 /* InfoPlist.strings */; };
		4C64063718EAE6DF00755735 /* main.m in Sources */ = {isa = PBXBuildFile; fileRef = 4C64063618EAE6DF00755735 /* main.m */; };
		4C64063B18EAE6DF00755735 /* AppDelegate.m in Sources */ = {isa = PBXBuildFile; fileRef = 4C64063A18EAE6DF00755735 /* AppDelegate.m */; };
		4C64063D18EAE6DF00755735 /* Images.xcassets in Resources */ = {isa = PBXBuildFile; fileRef = 4C64063C18EAE6DF00755735 /* Images.xcassets */; };
		4C64064418EAE6DF00755735 /* XCTest.framework in Frameworks */ = {isa = PBXBuildFile; fileRef = 4C64064318EAE6DF00755735 /* XCTest.framework */; };
		4C64064518EAE6DF00755735 /* Foundation.framework in Frameworks */ = {isa = PBXBuildFile; fileRef = 4C64062A18EAE6DF00755735 /* Foundation.framework */; };
		4C64064618EAE6DF00755735 /* UIKit.framework in Frameworks */ = {isa = PBXBuildFile; fileRef = 4C64062E18EAE6DF00755735 /* UIKit.framework */; };
		4C64064E18EAE6DF00755735 /* InfoPlist.strings in Resources */ = {isa = PBXBuildFile; fileRef = 4C64064C18EAE6DF00755735 /* InfoPlist.strings */; };
		4C64065018EAE6DF00755735 /* MultitouchTestTests.m in Sources */ = {isa = PBXBuildFile; fileRef = 4C64064F18EAE6DF00755735 /* MultitouchTestTests.m */; };
/* End PBXBuildFile section */

/* Begin PBXContainerItemProxy section */
		4C64064718EAE6DF00755735 /* PBXContainerItemProxy */ = {
			isa = PBXContainerItemProxy;
			containerPortal = 4C64061F18EAE6DF00755735 /* Project object */;
			proxyType = 1;
			remoteGlobalIDString = 4C64062618EAE6DF00755735;
			remoteInfo = MultitouchTest;
		};
/* End PBXContainerItemProxy section */

/* Begin PBXFileReference section */
		4C64062718EAE6DF00755735 /* MultitouchTest.app */ = {isa = PBXFileReference; explicitFileType = wrapper.application; includeInIndex = 0; path = MultitouchTest.app; sourceTree = BUILT_PRODUCTS_DIR; };
		4C64062A18EAE6DF00755735 /* Foundation.framework */ = {isa = PBXFileReference; lastKnownFileType = wrapper.framework; name = Foundation.framework; path = System/Library/Frameworks/Foundation.framework; sourceTree = SDKROOT; };
		4C64062C18EAE6DF00755735 /* CoreGraphics.framework */ = {isa = PBXFileReference; lastKnownFileType = wrapper.framework; name = CoreGraphics.framework; path = System/Library/Frameworks/CoreGraphics.framework; sourceTree = SDKROOT; };
		4C64062E18EAE6DF00755735 /* UIKit.framework */ = {isa = PBXFileReference; lastKnownFileType = wrapper.framework; name = UIKit.framework; path = System/Library/Frameworks/UIKit.framework; sourceTree = SDKROOT; };
		4C64063218EAE6DF00755735 /* MultitouchTest-Info.plist */ = {isa = PBXFileReference; lastKnownFileType = text.plist.xml; path = "MultitouchTest-Info.plist"; sourceTree = "<group>"; };
		4C64063418EAE6DF00755735 /* en */ = {isa = PBXFileReference; lastKnownFileType = text.plist.strings; name = en; path = en.lproj/InfoPlist.strings; sourceTree = "<group>"; };
		4C64063618EAE6DF00755735 /* main.m */ = {isa = PBXFileReference; lastKnownFileType = sourcecode.c.objc; path = main.m; sourceTree = "<group>"; };
		4C64063818EAE6DF00755735 /* MultitouchTest-Prefix.pch */ = {isa = PBXFileReference; lastKnownFileType = sourcecode.c.h; path = "MultitouchTest-Prefix.pch"; sourceTree = "<group>"; };
		4C64063918EAE6DF00755735 /* AppDelegate.h */ = {isa = PBXFileReference; lastKnownFileType = sourcecode.c.h; path = AppDelegate.h; sourceTree = "<group>"; };
		4C64063A18EAE6DF00755735 /* AppDelegate.m */ = {isa = PBXFileReference; lastKnownFileType = sourcecode.c.objc; path = AppDelegate.m; sourceTree = "<group>"; };
		4C64063C18EAE6DF00755735 /* Images.xcassets */ = {isa = PBXFileReference; lastKnownFileType = folder.assetcatalog; path = Images.xcassets; sourceTree = "<group>"; };
		4C64064218EAE6DF00755735 /* MultitouchTestTests.xctest */ = {isa = PBXFileReference; explicitFileType = wrapper.cfbundle; includeInIndex = 0; path = MultitouchTestTests.xctest; sourceTree = BUILT_PRODUCTS_DIR; };
		4C64064318EAE6DF00755735 /* XCTest.framework */ = {isa = PBXFileReference; lastKnownFileType = wrapper.framework; name = XCTest.framework; path = Library/Frameworks/XCTest.framework; sourceTree = DEVELOPER_DIR; };
		4C64064B18EAE6DF00755735 /* MultitouchTestTests-Info.plist */ = {isa = PBXFileReference; lastKnownFileType = text.plist.xml; path = "MultitouchTestTests-Info.plist"; sourceTree = "<group>"; };
		4C64064D18EAE6DF00755735 /* en */ = {isa = PBXFileReference; lastKnownFileType = text.plist.strings; name = en; path = en.lproj/InfoPlist.strings; sourceTree = "<group>"; };
		4C64064F18EAE6DF00755735 /* MultitouchTestTests.m */ = {isa = PBXFileReference; lastKnownFileType = sourcecode.c.objc; path = MultitouchTestTests.m; sourceTree = "<group>"; };
/* End PBXFileReference section */

/* Begin PBXFrameworksBuildPhase section */
		4C64062418EAE6DF00755735 /* Frameworks */ = {
			isa = PBXFrameworksBuildPhase;
			buildActionMask = 2147483647;
			files = (
				4C64062D18EAE6DF00755735 /* CoreGraphics.framework in Frameworks */,
				4C64062F18EAE6DF00755735 /* UIKit.framework in Frameworks */,
				4C64062B18EAE6DF00755735 /* Foundation.framework in Frameworks */,
			);
			runOnlyForDeploymentPostprocessing = 0;
		};
		4C64063F18EAE6DF00755735 /* Frameworks */ = {
			isa = PBXFrameworksBuildPhase;
			buildActionMask = 2147483647;
			files = (
				4C64064418EAE6DF00755735 /* XCTest.framework in Frameworks */,
				4C64064618EAE6DF00755735 /* UIKit.framework in Frameworks */,
				4C64064518EAE6DF00755735 /* Foundation.framework in Frameworks */,
			);
			runOnlyForDeploymentPostprocessing = 0;
		};
/* End PBXFrameworksBuildPhase section */

/* Begin PBXGroup section */
		4C64061E18EAE6DF00755735 = {
			isa = PBXGroup;
			children = (
				4C64063018EAE6DF00755735 /* MultitouchTest */,
				4C64064918EAE6DF00755735 /* MultitouchTestTests */,
				4C64062918EAE6DF00755735 /* Frameworks */,
				4C64062818EAE6DF00755735 /* Products */,
			);
			sourceTree = "<group>";
		};
		4C64062818EAE6DF00755735 /* Products */ = {
			isa = PBXGroup;
			children = (
				4C64062718EAE6DF00755735 /* MultitouchTest.app */,
				4C64064218EAE6DF00755735 /* MultitouchTestTests.xctest */,
			);
			name = Products;
			sourceTree = "<group>";
		};
		4C64062918EAE6DF00755735 /* Frameworks */ = {
			isa = PBXGroup;
			children = (
				4C64062A18EAE6DF00755735 /* Foundation.framework */,
				4C64062C18EAE6DF00755735 /* CoreGraphics.framework */,
				4C64062E18EAE6DF00755735 /* UIKit.framework */,
				4C64064318EAE6DF00755735 /* XCTest.framework */,
			);
			name = Frameworks;
			sourceTree = "<group>";
		};
		4C64063018EAE6DF00755735 /* MultitouchTest */ = {
			isa = PBXGroup;
			children = (
				4C64063918EAE6DF00755735 /* AppDelegate.h */,
				4C64063A18EAE6DF00755735 /* AppDelegate.m */,
				4C64063C18EAE6DF00755735 /* Images.xcassets */,
				4C64063118EAE6DF00755735 /* Supporting Files */,
			);
			path = MultitouchTest;
			sourceTree = "<group>";
		};
		4C64063118EAE6DF00755735 /* Supporting Files */ = {
			isa = PBXGroup;
			children = (
				4C64063218EAE6DF00755735 /* MultitouchTest-Info.plist */,
				4C64063318EAE6DF00755735 /* InfoPlist.strings */,
				4C64063618EAE6DF00755735 /* main.m */,
				4C64063818EAE6DF00755735 /* MultitouchTest-Prefix.pch */,
			);
			name = "Supporting Files";
			sourceTree = "<group>";
		};
		4C64064918EAE6DF00755735 /* MultitouchTestTests */ = {
			isa = PBXGroup;
			children = (
				4C64064F18EAE6DF00755735 /* MultitouchTestTests.m */,
				4C64064A18EAE6DF00755735 /* Supporting Files */,
			);
			path = MultitouchTestTests;
			sourceTree = "<group>";
		};
		4C64064A18EAE6DF00755735 /* Supporting Files */ = {
			isa = PBXGroup;
			children = (
				4C64064B18EAE6DF00755735 /* MultitouchTestTests-Info.plist */,
				4C64064C18EAE6DF00755735 /* InfoPlist.strings */,
			);
			name = "Supporting Files";
			sourceTree = "<group>";
		};
/* End PBXGroup section */

/* Begin PBXNativeTarget section */
		4C64062618EAE6DF00755735 /* MultitouchTest */ = {
			isa = PBXNativeTarget;
			buildConfigurationList = 4C64065318EAE6DF00755735 /* Build configuration list for PBXNativeTarget "MultitouchTest" */;
			buildPhases = (
				4C64062318EAE6DF00755735 /* Sources */,
				4C64062418EAE6DF00755735 /* Frameworks */,
				4C64062518EAE6DF00755735 /* Resources */,
			);
			buildRules = (
			);
			dependencies = (
			);
			name = MultitouchTest;
			productName = MultitouchTest;
			productReference = 4C64062718EAE6DF00755735 /* MultitouchTest.app */;
			productType = "com.apple.product-type.application";
		};
		4C64064118EAE6DF00755735 /* MultitouchTestTests */ = {
			isa = PBXNativeTarget;
			buildConfigurationList = 4C64065618EAE6DF00755735 /* Build configuration list for PBXNativeTarget "MultitouchTestTests" */;
			buildPhases = (
				4C64063E18EAE6DF00755735 /* Sources */,
				4C64063F18EAE6DF00755735 /* Frameworks */,
				4C64064018EAE6DF00755735 /* Resources */,
			);
			buildRules = (
			);
			dependencies = (
				4C64064818EAE6DF00755735 /* PBXTargetDependency */,
			);
			name = MultitouchTestTests;
			productName = MultitouchTestTests;
			productReference = 4C64064218EAE6DF00755735 /* MultitouchTestTests.xctest */;
			productType = "com.apple.product-type.bundle.unit-test";
		};
/* End PBXNativeTarget section */

/* Begin PBXProject section */
		4C64061F18EAE6DF00755735 /* Project object */ = {
			isa = PBXProject;
			attributes = {
				LastUpgradeCheck = 0510;
				ORGANIZATIONNAME = "Chris Lee";
				TargetAttributes = {
					4C64064118EAE6DF00755735 = {
						TestTargetID = 4C64062618EAE6DF00755735;
					};
				};
			};
			buildConfigurationList = 4C64062218EAE6DF00755735 /* Build configuration list for PBXProject "MultitouchTest" */;
			compatibilityVersion = "Xcode 3.2";
			developmentRegion = English;
			hasScannedForEncodings = 0;
			knownRegions = (
				en,
			);
			mainGroup = 4C64061E18EAE6DF00755735;
			productRefGroup = 4C64062818EAE6DF00755735 /* Products */;
			projectDirPath = "";
			projectRoot = "";
			targets = (
				4C64062618EAE6DF00755735 /* MultitouchTest */,
				4C64064118EAE6DF00755735 /* MultitouchTestTests */,
			);
		};
/* End PBXProject section */

/* Begin PBXResourcesBuildPhase section */
		4C64062518EAE6DF00755735 /* Resources */ = {
			isa = PBXResourcesBuildPhase;
			buildActionMask = 2147483647;
			files = (
				4C64063518EAE6DF00755735 /* InfoPlist.strings in Resources */,
				4C64063D18EAE6DF00755735 /* Images.xcassets in Resources */,
			);
			runOnlyForDeploymentPostprocessing = 0;
		};
		4C64064018EAE6DF00755735 /* Resources */ = {
			isa = PBXResourcesBuildPhase;
			buildActionMask = 2147483647;
			files = (
				4C64064E18EAE6DF00755735 /* InfoPlist.strings in Resources */,
			);
			runOnlyForDeploymentPostprocessing = 0;
		};
/* End PBXResourcesBuildPhase section */

/* Begin PBXSourcesBuildPhase section */
		4C64062318EAE6DF00755735 /* Sources */ = {
			isa = PBXSourcesBuildPhase;
			buildActionMask = 2147483647;
			files = (
				4C64063B18EAE6DF00755735 /* AppDelegate.m in Sources */,
				4C64063718EAE6DF00755735 /* main.m in Sources */,
			);
			runOnlyForDeploymentPostprocessing = 0;
		};
		4C64063E18EAE6DF00755735 /* Sources */ = {
			isa = PBXSourcesBuildPhase;
			buildActionMask = 2147483647;
			files = (
				4C64065018EAE6DF00755735 /* MultitouchTestTests.m in Sources */,
			);
			runOnlyForDeploymentPostprocessing = 0;
		};
/* End PBXSourcesBuildPhase section */

/* Begin PBXTargetDependency section */
		4C64064818EAE6DF00755735 /* PBXTargetDependency */ = {
			isa = PBXTargetDependency;
			target = 4C64062618EAE6DF00755735 /* MultitouchTest */;
			targetProxy = 4C64064718EAE6DF00755735 /* PBXContainerItemProxy */;
		};
/* End PBXTargetDependency section */

/* Begin PBXVariantGroup section */
		4C64063318EAE6DF00755735 /* InfoPlist.strings */ = {
			isa = PBXVariantGroup;
			children = (
				4C64063418EAE6DF00755735 /* en */,
			);
			name = InfoPlist.strings;
			sourceTree = "<group>";
		};
		4C64064C18EAE6DF00755735 /* InfoPlist.strings */ = {
			isa = PBXVariantGroup;
			children = (
				4C64064D18EAE6DF00755735 /* en */,
			);
			name = InfoPlist.strings;
			sourceTree = "<group>";
		};
/* End PBXVariantGroup section */

/* Begin XCBuildConfiguration section */
		4C64065118EAE6DF00755735 /* Debug */ = {
			isa = XCBuildConfiguration;
			buildSettings = {
				ALWAYS_SEARCH_USER_PATHS = NO;
				CLANG_CXX_LANGUAGE_STANDARD = "gnu++0x";
				CLANG_CXX_LIBRARY = "libc++";
				CLANG_ENABLE_MODULES = YES;
				CLANG_ENABLE_OBJC_ARC = YES;
				CLANG_WARN_BOOL_CONVERSION = YES;
				CLANG_WARN_CONSTANT_CONVERSION = YES;
				CLANG_WARN_DIRECT_OBJC_ISA_USAGE = YES_ERROR;
				CLANG_WARN_EMPTY_BODY = YES;
				CLANG_WARN_ENUM_CONVERSION = YES;
				CLANG_WARN_INT_CONVERSION = YES;
				CLANG_WARN_OBJC_ROOT_CLASS = YES_ERROR;
				CLANG_WARN__DUPLICATE_METHOD_MATCH = YES;
				"CODE_SIGN_IDENTITY[sdk=iphoneos*]" = "iPhone Developer";
				COPY_PHASE_STRIP = NO;
				GCC_C_LANGUAGE_STANDARD = gnu99;
				GCC_DYNAMIC_NO_PIC = NO;
				GCC_OPTIMIZATION_LEVEL = 0;
				GCC_PREPROCESSOR_DEFINITIONS = (
					"DEBUG=1",
					"$(inherited)",
				);
				GCC_SYMBOLS_PRIVATE_EXTERN = NO;
				GCC_WARN_64_TO_32_BIT_CONVERSION = YES;
				GCC_WARN_ABOUT_RETURN_TYPE = YES_ERROR;
				GCC_WARN_UNDECLARED_SELECTOR = YES;
				GCC_WARN_UNINITIALIZED_AUTOS = YES_AGGRESSIVE;
				GCC_WARN_UNUSED_FUNCTION = YES;
				GCC_WARN_UNUSED_VARIABLE = YES;
				IPHONEOS_DEPLOYMENT_TARGET = 7.1;
				ONLY_ACTIVE_ARCH = YES;
				SDKROOT = iphoneos;
				TARGETED_DEVICE_FAMILY = "1,2";
			};
			name = Debug;
		};
		4C64065218EAE6DF00755735 /* Release */ = {
			isa = XCBuildConfiguration;
			buildSettings = {
				ALWAYS_SEARCH_USER_PATHS = NO;
				CLANG_CXX_LANGUAGE_STANDARD = "gnu++0x";
				CLANG_CXX_LIBRARY = "libc++";
				CLANG_ENABLE_MODULES = YES;
				CLANG_ENABLE_OBJC_ARC = YES;
				CLANG_WARN_BOOL_CONVERSION = YES;
				CLANG_WARN_CONSTANT_CONVERSION = YES;
				CLANG_WARN_DIRECT_OBJC_ISA_USAGE = YES_ERROR;
				CLANG_WARN_EMPTY_BODY = YES;
				CLANG_WARN_ENUM_CONVERSION = YES;
				CLANG_WARN_INT_CONVERSION = YES;
				CLANG_WARN_OBJC_ROOT_CLASS = YES_ERROR;
				CLANG_WARN__DUPLICATE_METHOD_MATCH = YES;
				"CODE_SIGN_IDENTITY[sdk=iphoneos*]" = "iPhone Developer";
				COPY_PHASE_STRIP = YES;
				ENABLE_NS_ASSERTIONS = NO;
				GCC_C_LANGUAGE_STANDARD = gnu99;
				GCC_WARN_64_TO_32_BIT_CONVERSION = YES;
				GCC_WARN_ABOUT_RETURN_TYPE = YES_ERROR;
				GCC_WARN_UNDECLARED_SELECTOR = YES;
				GCC_WARN_UNINITIALIZED_AUTOS = YES_AGGRESSIVE;
				GCC_WARN_UNUSED_FUNCTION = YES;
				GCC_WARN_UNUSED_VARIABLE = YES;
				IPHONEOS_DEPLOYMENT_TARGET = 7.1;
				SDKROOT = iphoneos;
				TARGETED_DEVICE_FAMILY = "1,2";
				VALIDATE_PRODUCT = YES;
			};
			name = Release;
		};
		4C64065418EAE6DF00755735 /* Debug */ = {
			isa = XCBuildConfiguration;
			buildSettings = {
				ASSETCATALOG_COMPILER_APPICON_NAME = AppIcon;
				ASSETCATALOG_COMPILER_LAUNCHIMAGE_NAME = LaunchImage;
				GCC_PRECOMPILE_PREFIX_HEADER = YES;
				GCC_PREFIX_HEADER = "MultitouchTest/MultitouchTest-Prefix.pch";
				INFOPLIST_FILE = "MultitouchTest/MultitouchTest-Info.plist";
				PRODUCT_NAME = "$(TARGET_NAME)";
				WRAPPER_EXTENSION = app;
			};
			name = Debug;
		};
		4C64065518EAE6DF00755735 /* Release */ = {
			isa = XCBuildConfiguration;
			buildSettings = {
				ASSETCATALOG_COMPILER_APPICON_NAME = AppIcon;
				ASSETCATALOG_COMPILER_LAUNCHIMAGE_NAME = LaunchImage;
				GCC_PRECOMPILE_PREFIX_HEADER = YES;
				GCC_PREFIX_HEADER = "MultitouchTest/MultitouchTest-Prefix.pch";
				INFOPLIST_FILE = "MultitouchTest/MultitouchTest-Info.plist";
				PRODUCT_NAME = "$(TARGET_NAME)";
				WRAPPER_EXTENSION = app;
			};
			name = Release;
		};
		4C64065718EAE6DF00755735 /* Debug */ = {
			isa = XCBuildConfiguration;
			buildSettings = {
				BUNDLE_LOADER = "$(BUILT_PRODUCTS_DIR)/MultitouchTest.app/MultitouchTest";
				FRAMEWORK_SEARCH_PATHS = (
					"$(SDKROOT)/Developer/Library/Frameworks",
					"$(inherited)",
					"$(DEVELOPER_FRAMEWORKS_DIR)",
				);
				GCC_PRECOMPILE_PREFIX_HEADER = YES;
				GCC_PREFIX_HEADER = "MultitouchTest/MultitouchTest-Prefix.pch";
				GCC_PREPROCESSOR_DEFINITIONS = (
					"DEBUG=1",
					"$(inherited)",
				);
				INFOPLIST_FILE = "MultitouchTestTests/MultitouchTestTests-Info.plist";
				PRODUCT_NAME = "$(TARGET_NAME)";
				TEST_HOST = "$(BUNDLE_LOADER)";
				WRAPPER_EXTENSION = xctest;
			};
			name = Debug;
		};
		4C64065818EAE6DF00755735 /* Release */ = {
			isa = XCBuildConfiguration;
			buildSettings = {
				BUNDLE_LOADER = "$(BUILT_PRODUCTS_DIR)/MultitouchTest.app/MultitouchTest";
				FRAMEWORK_SEARCH_PATHS = (
					"$(SDKROOT)/Developer/Library/Frameworks",
					"$(inherited)",
					"$(DEVELOPER_FRAMEWORKS_DIR)",
				);
				GCC_PRECOMPILE_PREFIX_HEADER = YES;
				GCC_PREFIX_HEADER = "MultitouchTest/MultitouchTest-Prefix.pch";
				INFOPLIST_FILE = "MultitouchTestTests/MultitouchTestTests-Info.plist";
				PRODUCT_NAME = "$(TARGET_NAME)";
				TEST_HOST = "$(BUNDLE_LOADER)";
				WRAPPER_EXTENSION = xctest;
			};
			name = Release;
		};
/* End XCBuildConfiguration section */

/* Begin XCConfigurationList section */
		4C64062218EAE6DF00755735 /* Build configuration list for PBXProject "MultitouchTest" */ = {
			isa = XCConfigurationList;
			buildConfigurations = (
				4C64065118EAE6DF00755735 /* Debug */,
				4C64065218EAE6DF00755735 /* Release */,
			);
			defaultConfigurationIsVisible = 0;
			defaultConfigurationName = Release;
		};
		4C64065318EAE6DF00755735 /* Build configuration list for PBXNativeTarget "MultitouchTest" */ = {
			isa = XCConfigurationList;
			buildConfigurations = (
				4C64065418EAE6DF00755735 /* Debug */,
				4C64065518EAE6DF00755735 /* Release */,
			);
			defaultConfigurationIsVisible = 0;
		};
		4C64065618EAE6DF00755735 /* Build configuration list for PBXNativeTarget "MultitouchTestTests" */ = {
			isa = XCConfigurationList;
			buildConfigurations = (
				4C64065718EAE6DF00755735 /* Debug */,
				4C64065818EAE6DF00755735 /* Release */,
			);
			defaultConfigurationIsVisible = 0;
		};
/* End XCConfigurationList section */
	};
	rootObject = 4C64061F18EAE6DF00755735 /* Project object */;
}
